
Microsoft Visual Studio Solution File, Format Version 12.00
# Visual Studio Version 17
VisualStudioVersion = 17.9.34607.119
MinimumVisualStudioVersion = 10.0.40219.1
Project("{FAE04EC0-301F-11D3-BF4B-00C04F79EFBC}") = "AlexeyRastorguevKt-41-21", "AlexeyRastorguevKt-41-21\AlexeyRastorguevKt-41-21.csproj", "{3F2B900B-84AE-45D8-8E62-45A9F265AE01}"
EndProject
Global
	GlobalSection(SolutionConfigurationPlatforms) = preSolution
		Debug|Any CPU = Debug|Any CPU
		Release|Any CPU = Release|Any CPU
	EndGlobalSection
	GlobalSection(ProjectConfigurationPlatforms) = postSolution
		{3F2B900B-84AE-45D8-8E62-45A9F265AE01}.Debug|Any CPU.ActiveCfg = Debug|Any CPU
		{3F2B900B-84AE-45D8-8E62-45A9F265AE01}.Debug|Any CPU.Build.0 = Debug|Any CPU
		{3F2B900B-84AE-45D8-8E62-45A9F265AE01}.Release|Any CPU.ActiveCfg = Release|Any CPU
		{3F2B900B-84AE-45D8-8E62-45A9F265AE01}.Release|Any CPU.Build.0 = Release|Any CPU
	EndGlobalSection
	GlobalSection(SolutionProperties) = preSolution
		HideSolutionNode = FALSE
	EndGlobalSection
	GlobalSection(ExtensibilityGlobals) = postSolution
		SolutionGuid = {FBBAD29A-D07D-4BAA-9552-9A2DEBA67672}
	EndGlobalSection
EndGlobal
